
Microsoft Visual Studio Solution File, Format Version 12.00
# Visual Studio 15
VisualStudioVersion = 15.0.28010.2048
MinimumVisualStudioVersion = 10.0.40219.1
Project("{FAE04EC0-301F-11D3-BF4B-00C04F79EFBC}") = "Soundsharp Opdracht 7", "Soundsharp Opdracht 7\Soundsharp Opdracht 7.csproj", "{15B96BD9-805E-4316-A148-2D740FD2714B}"
EndProject
Global
	GlobalSection(SolutionConfigurationPlatforms) = preSolution
		Debug|Any CPU = Debug|Any CPU
		Release|Any CPU = Release|Any CPU
	EndGlobalSection
	GlobalSection(ProjectConfigurationPlatforms) = postSolution
		{15B96BD9-805E-4316-A148-2D740FD2714B}.Debug|Any CPU.ActiveCfg = Debug|Any CPU
		{15B96BD9-805E-4316-A148-2D740FD2714B}.Debug|Any CPU.Build.0 = Debug|Any CPU
		{15B96BD9-805E-4316-A148-2D740FD2714B}.Release|Any CPU.ActiveCfg = Release|Any CPU
		{15B96BD9-805E-4316-A148-2D740FD2714B}.Release|Any CPU.Build.0 = Release|Any CPU
	EndGlobalSection
	GlobalSection(SolutionProperties) = preSolution
		HideSolutionNode = FALSE
	EndGlobalSection
	GlobalSection(ExtensibilityGlobals) = postSolution
		SolutionGuid = {F7FC31EC-60FF-41EF-8754-74CD60115216}
	EndGlobalSection
EndGlobal
